{
  "name": "logger",
  "version": "1.0.0",
  "lockfileVersion": 1,
  "requires": true,
  "dependencies": {
    "@zhangfuxing/colors": {
      "version": "1.2.1",
      "resolved": "https://registry.npmjs.org/@zhangfuxing/colors/-/colors-1.2.1.tgz",
      "integrity": "sha512-TMdtLxeBFTgkT4z40wLVjUhD+SeXQOjlXhB1RmNBPwGTIM0pTjq8Rd1PyBmrBWOCaLti1eJMyMuLJgU6eZMZ+g=="
    }
  }
}
