{
  "name": "@zhangfuxing/logger",
  "version": "2.2.1",
  "lockfileVersion": 1,
  "requires": true,
  "dependencies": {
    "@zhangfuxing/colors": {
      "version": "1.2.1",
      "resolved": "https://registry.npmjs.org/@zhangfuxing/colors/-/colors-1.2.1.tgz",
      "integrity": "sha512-TMdtLxeBFTgkT4z40wLVjUhD+SeXQOjlXhB1RmNBPwGTIM0pTjq8Rd1PyBmrBWOCaLti1eJMyMuLJgU6eZMZ+g=="
    },
    "@zhangfuxing/date": {
      "version": "0.8.3",
      "resolved": "https://registry.npmjs.org/@zhangfuxing/date/-/date-0.8.3.tgz",
      "integrity": "sha512-AB4oiJa9982O9jBpdtCjNsj4f5P7uKJ5WKYh7XfFsWIuzVlxce/uT+O2qGbxdxxqU0PnPrKXqqklOlWcq5tmqw=="
    }
  }
}
